// !$*UTF8*$!
{
	archiveVersion = 1;
	classes = {
	};
	objectVersion = 50;
	objects = {

/* Begin PBXBuildFile section */
		55DC908F243D769600C1FA3B /* main.cpp in Sources */ = {isa = PBXBuildFile; fileRef = 55DC908E243D769600C1FA3B /* main.cpp */; };
/* End PBXBuildFile section */

/* Begin PBXFileReference section */
		55DC908B243D769600C1FA3B /* ZombieArena */ = {isa = PBXFileReference; explicitFileType = "compiled.mach-o.executable"; includeInIndex = 0; path = ZombieArena; sourceTree = BUILT_PRODUCTS_DIR; };
		55DC908E243D769600C1FA3B /* main.cpp */ = {isa = PBXFileReference; lastKnownFileType = sourcecode.cpp.cpp; path = main.cpp; sourceTree = "<group>"; };
		55DC9091243D769600C1FA3B /* cute_image.jpg */ = {isa = PBXFileReference; lastKnownFileType = image.jpeg; name = cute_image.jpg; path = ../cute_image.jpg; sourceTree = "<group>"; };
		55DC9092243D769600C1FA3B /* nice_music.ogg */ = {isa = PBXFileReference; lastKnownFileType = file; name = nice_music.ogg; path = ../nice_music.ogg; sourceTree = "<group>"; };
		55DC9093243D769600C1FA3B /* sansation.ttf */ = {isa = PBXFileReference; lastKnownFileType = file; name = sansation.ttf; path = ../sansation.ttf; sourceTree = "<group>"; };
		55DC9094243D769600C1FA3B /* icon.png */ = {isa = PBXFileReference; lastKnownFileType = image.png; name = icon.png; path = ../icon.png; sourceTree = "<group>"; };
/* End PBXFileReference section */

/* Begin PBXFrameworksBuildPhase section */
		55DC9089243D769600C1FA3B /* Frameworks */ = {
			isa = PBXFrameworksBuildPhase;
			buildActionMask = 2147483647;
			files = (
			);
			runOnlyForDeploymentPostprocessing = 0;
		};
/* End PBXFrameworksBuildPhase section */

/* Begin PBXGroup section */
		55DC9083243D769600C1FA3B = {
			isa = PBXGroup;
			children = (
				55DC908D243D769600C1FA3B /* ZombieArena */,
				55DC908C243D769600C1FA3B /* Products */,
			);
			sourceTree = "<group>";
		};
		55DC908C243D769600C1FA3B /* Products */ = {
			isa = PBXGroup;
			children = (
				55DC908B243D769600C1FA3B /* ZombieArena */,
			);
			name = Products;
			sourceTree = "<group>";
		};
		55DC908D243D769600C1FA3B /* ZombieArena */ = {
			isa = PBXGroup;
			children = (
				55DC908E243D769600C1FA3B /* main.cpp */,
				55DC9090243D769600C1FA3B /* Resources */,
			);
			path = ZombieArena;
			sourceTree = "<group>";
		};
		55DC9090243D769600C1FA3B /* Resources */ = {
			isa = PBXGroup;
			children = (
				55DC9091243D769600C1FA3B /* cute_image.jpg */,
				55DC9092243D769600C1FA3B /* nice_music.ogg */,
				55DC9093243D769600C1FA3B /* sansation.ttf */,
				55DC9094243D769600C1FA3B /* icon.png */,
			);
			path = Resources;
			sourceTree = "<group>";
		};
/* End PBXGroup section */

/* Begin PBXNativeTarget section */
		55DC908A243D769600C1FA3B /* ZombieArena */ = {
			isa = PBXNativeTarget;
			buildConfigurationList = 55DC9097243D769600C1FA3B /* Build configuration list for PBXNativeTarget "ZombieArena" */;
			buildPhases = (
				55DC9088243D769600C1FA3B /* Sources */,
				55DC9089243D769600C1FA3B /* Frameworks */,
			);
			buildRules = (
			);
			dependencies = (
			);
			name = ZombieArena;
			productName = ZombieArena;
			productReference = 55DC908B243D769600C1FA3B /* ZombieArena */;
			productType = "com.apple.product-type.tool";
		};
/* End PBXNativeTarget section */

/* Begin PBXProject section */
		55DC9084243D769600C1FA3B /* Project object */ = {
			isa = PBXProject;
			attributes = {
				LastUpgradeCheck = 1140;
				ORGANIZATIONNAME = "Oscar Miranda Escalante";
				TargetAttributes = {
					55DC908A243D769600C1FA3B = {
						CreatedOnToolsVersion = 11.4;
					};
				};
			};
			buildConfigurationList = 55DC9087243D769600C1FA3B /* Build configuration list for PBXProject "ZombieArena" */;
			compatibilityVersion = "Xcode 9.3";
			developmentRegion = en;
			hasScannedForEncodings = 0;
			knownRegions = (
				en,
				Base,
			);
			mainGroup = 55DC9083243D769600C1FA3B;
			productRefGroup = 55DC908C243D769600C1FA3B /* Products */;
			projectDirPath = "";
			projectRoot = "";
			targets = (
				55DC908A243D769600C1FA3B /* ZombieArena */,
			);
		};
/* End PBXProject section */

/* Begin PBXSourcesBuildPhase section */
		55DC9088243D769600C1FA3B /* Sources */ = {
			isa = PBXSourcesBuildPhase;
			buildActionMask = 2147483647;
			files = (
				55DC908F243D769600C1FA3B /* main.cpp in Sources */,
			);
			runOnlyForDeploymentPostprocessing = 0;
		};
/* End PBXSourcesBuildPhase section */

/* Begin XCBuildConfiguration section */
		55DC9095243D769600C1FA3B /* Debug */ = {
			isa = XCBuildConfiguration;
			buildSettings = {
				ARCHS = "$(NATIVE_ARCH_ACTUAL)";
				CLANG_CXX_LANGUAGE_STANDARD = "c++11";
				CLANG_CXX_LIBRARY = "libc++";
				FRAMEWORK_SEARCH_PATHS = (
					/Library/Frameworks/,
					"$(inherited)",
				);
				GCC_VERSION = com.apple.compilers.llvm.clang.1_0;
				HEADER_SEARCH_PATHS = (
					/usr/local/include/,
					"$(inherited)",
				);
				LIBRARY_SEARCH_PATHS = (
					/usr/local/lib/,
					"$(inherited)",
				);
				MACOSX_DEPLOYMENT_TARGET = 10.7;
				OTHER_LDFLAGS = (
					"$(inherited)",
					"$(SFML_SYSTEM)",
					"$(SFML_WINDOW)",
					"$(SFML_GRAPHICS)",
					"$(SFML_AUDIO)",
					"$(SFML_NETWORK)",
				);
				SFML_AUDIO = "$(SFML_LINK_PREFIX) sfml-audio$(SFML_LINK_SUFFIX)";
				SFML_BINARY_TYPE = FRAMEWORKS;
				SFML_GRAPHICS = "$(SFML_LINK_PREFIX) sfml-graphics$(SFML_LINK_SUFFIX)";
				SFML_LINK_DYLIBS_PREFIX = "-l";
				SFML_LINK_DYLIBS_SUFFIX = "";
				SFML_LINK_FRAMEWORKS_PREFIX = "-framework";
				SFML_LINK_FRAMEWORKS_SUFFIX = "";
				SFML_LINK_PREFIX = "$(SFML_LINK_$(SFML_BINARY_TYPE)_PREFIX)";
				SFML_LINK_SUFFIX = "$(SFML_LINK_$(SFML_BINARY_TYPE)_SUFFIX)";
				SFML_NETWORK = "$(SFML_LINK_PREFIX) sfml-network$(SFML_LINK_SUFFIX)";
				SFML_SYSTEM = "$(SFML_LINK_PREFIX) sfml-system$(SFML_LINK_SUFFIX)";
				SFML_WINDOW = "$(SFML_LINK_PREFIX) sfml-window$(SFML_LINK_SUFFIX)";
				SUPPORTED_PLATFORMS = macosx;
			};
			name = Debug;
		};
		55DC9096243D769600C1FA3B /* Release */ = {
			isa = XCBuildConfiguration;
			buildSettings = {
				ARCHS = "$(NATIVE_ARCH_ACTUAL)";
				CLANG_CXX_LANGUAGE_STANDARD = "c++11";
				CLANG_CXX_LIBRARY = "libc++";
				FRAMEWORK_SEARCH_PATHS = (
					/Library/Frameworks/,
					"$(inherited)",
				);
				GCC_VERSION = com.apple.compilers.llvm.clang.1_0;
				HEADER_SEARCH_PATHS = (
					/usr/local/include/,
					"$(inherited)",
				);
				LIBRARY_SEARCH_PATHS = (
					/usr/local/lib/,
					"$(inherited)",
				);
				MACOSX_DEPLOYMENT_TARGET = 10.7;
				OTHER_LDFLAGS = (
					"$(inherited)",
					"$(SFML_SYSTEM)",
					"$(SFML_WINDOW)",
					"$(SFML_GRAPHICS)",
					"$(SFML_AUDIO)",
					"$(SFML_NETWORK)",
				);
				SFML_AUDIO = "$(SFML_LINK_PREFIX) sfml-audio$(SFML_LINK_SUFFIX)";
				SFML_BINARY_TYPE = FRAMEWORKS;
				SFML_GRAPHICS = "$(SFML_LINK_PREFIX) sfml-graphics$(SFML_LINK_SUFFIX)";
				SFML_LINK_DYLIBS_PREFIX = "-l";
				SFML_LINK_DYLIBS_SUFFIX = "";
				SFML_LINK_FRAMEWORKS_PREFIX = "-framework";
				SFML_LINK_FRAMEWORKS_SUFFIX = "";
				SFML_LINK_PREFIX = "$(SFML_LINK_$(SFML_BINARY_TYPE)_PREFIX)";
				SFML_LINK_SUFFIX = "$(SFML_LINK_$(SFML_BINARY_TYPE)_SUFFIX)";
				SFML_NETWORK = "$(SFML_LINK_PREFIX) sfml-network$(SFML_LINK_SUFFIX)";
				SFML_SYSTEM = "$(SFML_LINK_PREFIX) sfml-system$(SFML_LINK_SUFFIX)";
				SFML_WINDOW = "$(SFML_LINK_PREFIX) sfml-window$(SFML_LINK_SUFFIX)";
				SUPPORTED_PLATFORMS = macosx;
			};
			name = Release;
		};
		55DC9098243D769600C1FA3B /* Debug */ = {
			isa = XCBuildConfiguration;
			buildSettings = {
				CODE_SIGN_STYLE = Automatic;
				PRODUCT_NAME = "$(TARGET_NAME)";
			};
			name = Debug;
		};
		55DC9099243D769600C1FA3B /* Release */ = {
			isa = XCBuildConfiguration;
			buildSettings = {
				CODE_SIGN_STYLE = Automatic;
				PRODUCT_NAME = "$(TARGET_NAME)";
			};
			name = Release;
		};
/* End XCBuildConfiguration section */

/* Begin XCConfigurationList section */
		55DC9087243D769600C1FA3B /* Build configuration list for PBXProject "ZombieArena" */ = {
			isa = XCConfigurationList;
			buildConfigurations = (
				55DC9095243D769600C1FA3B /* Debug */,
				55DC9096243D769600C1FA3B /* Release */,
			);
			defaultConfigurationIsVisible = 0;
			defaultConfigurationName = Release;
		};
		55DC9097243D769600C1FA3B /* Build configuration list for PBXNativeTarget "ZombieArena" */ = {
			isa = XCConfigurationList;
			buildConfigurations = (
				55DC9098243D769600C1FA3B /* Debug */,
				55DC9099243D769600C1FA3B /* Release */,
			);
			defaultConfigurationIsVisible = 0;
			defaultConfigurationName = Release;
		};
/* End XCConfigurationList section */
	};
	rootObject = 55DC9084243D769600C1FA3B /* Project object */;
}
